{
  "lockfileVersion": 1,
  "workspaces": {
    "": {
      "name": "ciorent",
      "devDependencies": {
        "@biomejs/biome": "^1.9.4",
        "@types/bun": "^1.2.8",
        "mitata": "^1.0.34",
        "oxc-minify": "^0.64.0",
        "tsx": "^4.19.3",
        "typedoc": "^0.28.2",
        "typedoc-material-theme": "^1.4.0",
        "typescript": "^5.8.2",
      },
    },
  },
  "trustedDependencies": [
    "@biomejs/biome",
  ],
  "packages": {
    "@biomejs/biome": ["@biomejs/biome@1.9.4", "", { "optionalDependencies": { "@biomejs/cli-darwin-arm64": "1.9.4", "@biomejs/cli-darwin-x64": "1.9.4", "@biomejs/cli-linux-arm64": "1.9.4", "@biomejs/cli-linux-arm64-musl": "1.9.4", "@biomejs/cli-linux-x64": "1.9.4", "@biomejs/cli-linux-x64-musl": "1.9.4", "@biomejs/cli-win32-arm64": "1.9.4", "@biomejs/cli-win32-x64": "1.9.4" }, "bin": { "biome": "bin/biome" } }, "sha512-1rkd7G70+o9KkTn5KLmDYXihGoTaIGO9PIIN2ZB7UJxFrWw04CZHPYiMRjYsaDvVV7hP1dYNRLxSANLaBFGpog=="],

    "@biomejs/cli-darwin-arm64": ["@biomejs/cli-darwin-arm64@1.9.4", "", { "os": "darwin", "cpu": "arm64" }, "sha512-bFBsPWrNvkdKrNCYeAp+xo2HecOGPAy9WyNyB/jKnnedgzl4W4Hb9ZMzYNbf8dMCGmUdSavlYHiR01QaYR58cw=="],

    "@biomejs/cli-darwin-x64": ["@biomejs/cli-darwin-x64@1.9.4", "", { "os": "darwin", "cpu": "x64" }, "sha512-ngYBh/+bEedqkSevPVhLP4QfVPCpb+4BBe2p7Xs32dBgs7rh9nY2AIYUL6BgLw1JVXV8GlpKmb/hNiuIxfPfZg=="],

    "@biomejs/cli-linux-arm64": ["@biomejs/cli-linux-arm64@1.9.4", "", { "os": "linux", "cpu": "arm64" }, "sha512-fJIW0+LYujdjUgJJuwesP4EjIBl/N/TcOX3IvIHJQNsAqvV2CHIogsmA94BPG6jZATS4Hi+xv4SkBBQSt1N4/g=="],

    "@biomejs/cli-linux-arm64-musl": ["@biomejs/cli-linux-arm64-musl@1.9.4", "", { "os": "linux", "cpu": "arm64" }, "sha512-v665Ct9WCRjGa8+kTr0CzApU0+XXtRgwmzIf1SeKSGAv+2scAlW6JR5PMFo6FzqqZ64Po79cKODKf3/AAmECqA=="],

    "@biomejs/cli-linux-x64": ["@biomejs/cli-linux-x64@1.9.4", "", { "os": "linux", "cpu": "x64" }, "sha512-lRCJv/Vi3Vlwmbd6K+oQ0KhLHMAysN8lXoCI7XeHlxaajk06u7G+UsFSO01NAs5iYuWKmVZjmiOzJ0OJmGsMwg=="],

    "@biomejs/cli-linux-x64-musl": ["@biomejs/cli-linux-x64-musl@1.9.4", "", { "os": "linux", "cpu": "x64" }, "sha512-gEhi/jSBhZ2m6wjV530Yy8+fNqG8PAinM3oV7CyO+6c3CEh16Eizm21uHVsyVBEB6RIM8JHIl6AGYCv6Q6Q9Tg=="],

    "@biomejs/cli-win32-arm64": ["@biomejs/cli-win32-arm64@1.9.4", "", { "os": "win32", "cpu": "arm64" }, "sha512-tlbhLk+WXZmgwoIKwHIHEBZUwxml7bRJgk0X2sPyNR3S93cdRq6XulAZRQJ17FYGGzWne0fgrXBKpl7l4M87Hg=="],

    "@biomejs/cli-win32-x64": ["@biomejs/cli-win32-x64@1.9.4", "", { "os": "win32", "cpu": "x64" }, "sha512-8Y5wMhVIPaWe6jw2H+KlEm4wP/f7EW3810ZLmDlrEEy5KvBsb9ECEfu/kMWD484ijfQ8+nIi0giMgu9g1UAuuA=="],

    "@emnapi/core": ["@emnapi/core@1.4.3", "", { "dependencies": { "@emnapi/wasi-threads": "1.0.2", "tslib": "^2.4.0" } }, "sha512-4m62DuCE07lw01soJwPiBGC0nAww0Q+RY70VZ+n49yDIO13yyinhbWCeNnaob0lakDtWQzSdtNWzJeOJt2ma+g=="],

    "@emnapi/runtime": ["@emnapi/runtime@1.4.3", "", { "dependencies": { "tslib": "^2.4.0" } }, "sha512-pBPWdu6MLKROBX05wSNKcNb++m5Er+KQ9QkB+WVM+pW2Kx9hoSrVTnu3BdkI5eBLZoKu/J6mW/B6i6bJB2ytXQ=="],

    "@emnapi/wasi-threads": ["@emnapi/wasi-threads@1.0.2", "", { "dependencies": { "tslib": "^2.4.0" } }, "sha512-5n3nTJblwRi8LlXkJ9eBzu+kZR8Yxcc7ubakyQTFzPMtIhFpUBRbsnc2Dv88IZDIbCDlBiWrknhB4Lsz7mg6BA=="],

    "@esbuild/aix-ppc64": ["@esbuild/aix-ppc64@0.25.2", "", { "os": "aix", "cpu": "ppc64" }, "sha512-wCIboOL2yXZym2cgm6mlA742s9QeJ8DjGVaL39dLN4rRwrOgOyYSnOaFPhKZGLb2ngj4EyfAFjsNJwPXZvseag=="],

    "@esbuild/android-arm": ["@esbuild/android-arm@0.25.2", "", { "os": "android", "cpu": "arm" }, "sha512-NQhH7jFstVY5x8CKbcfa166GoV0EFkaPkCKBQkdPJFvo5u+nGXLEH/ooniLb3QI8Fk58YAx7nsPLozUWfCBOJA=="],

    "@esbuild/android-arm64": ["@esbuild/android-arm64@0.25.2", "", { "os": "android", "cpu": "arm64" }, "sha512-5ZAX5xOmTligeBaeNEPnPaeEuah53Id2tX4c2CVP3JaROTH+j4fnfHCkr1PjXMd78hMst+TlkfKcW/DlTq0i4w=="],

    "@esbuild/android-x64": ["@esbuild/android-x64@0.25.2", "", { "os": "android", "cpu": "x64" }, "sha512-Ffcx+nnma8Sge4jzddPHCZVRvIfQ0kMsUsCMcJRHkGJ1cDmhe4SsrYIjLUKn1xpHZybmOqCWwB0zQvsjdEHtkg=="],

    "@esbuild/darwin-arm64": ["@esbuild/darwin-arm64@0.25.2", "", { "os": "darwin", "cpu": "arm64" }, "sha512-MpM6LUVTXAzOvN4KbjzU/q5smzryuoNjlriAIx+06RpecwCkL9JpenNzpKd2YMzLJFOdPqBpuub6eVRP5IgiSA=="],

    "@esbuild/darwin-x64": ["@esbuild/darwin-x64@0.25.2", "", { "os": "darwin", "cpu": "x64" }, "sha512-5eRPrTX7wFyuWe8FqEFPG2cU0+butQQVNcT4sVipqjLYQjjh8a8+vUTfgBKM88ObB85ahsnTwF7PSIt6PG+QkA=="],

    "@esbuild/freebsd-arm64": ["@esbuild/freebsd-arm64@0.25.2", "", { "os": "freebsd", "cpu": "arm64" }, "sha512-mLwm4vXKiQ2UTSX4+ImyiPdiHjiZhIaE9QvC7sw0tZ6HoNMjYAqQpGyui5VRIi5sGd+uWq940gdCbY3VLvsO1w=="],

    "@esbuild/freebsd-x64": ["@esbuild/freebsd-x64@0.25.2", "", { "os": "freebsd", "cpu": "x64" }, "sha512-6qyyn6TjayJSwGpm8J9QYYGQcRgc90nmfdUb0O7pp1s4lTY+9D0H9O02v5JqGApUyiHOtkz6+1hZNvNtEhbwRQ=="],

    "@esbuild/linux-arm": ["@esbuild/linux-arm@0.25.2", "", { "os": "linux", "cpu": "arm" }, "sha512-UHBRgJcmjJv5oeQF8EpTRZs/1knq6loLxTsjc3nxO9eXAPDLcWW55flrMVc97qFPbmZP31ta1AZVUKQzKTzb0g=="],

    "@esbuild/linux-arm64": ["@esbuild/linux-arm64@0.25.2", "", { "os": "linux", "cpu": "arm64" }, "sha512-gq/sjLsOyMT19I8obBISvhoYiZIAaGF8JpeXu1u8yPv8BE5HlWYobmlsfijFIZ9hIVGYkbdFhEqC0NvM4kNO0g=="],

    "@esbuild/linux-ia32": ["@esbuild/linux-ia32@0.25.2", "", { "os": "linux", "cpu": "ia32" }, "sha512-bBYCv9obgW2cBP+2ZWfjYTU+f5cxRoGGQ5SeDbYdFCAZpYWrfjjfYwvUpP8MlKbP0nwZ5gyOU/0aUzZ5HWPuvQ=="],

    "@esbuild/linux-loong64": ["@esbuild/linux-loong64@0.25.2", "", { "os": "linux", "cpu": "none" }, "sha512-SHNGiKtvnU2dBlM5D8CXRFdd+6etgZ9dXfaPCeJtz+37PIUlixvlIhI23L5khKXs3DIzAn9V8v+qb1TRKrgT5w=="],

    "@esbuild/linux-mips64el": ["@esbuild/linux-mips64el@0.25.2", "", { "os": "linux", "cpu": "none" }, "sha512-hDDRlzE6rPeoj+5fsADqdUZl1OzqDYow4TB4Y/3PlKBD0ph1e6uPHzIQcv2Z65u2K0kpeByIyAjCmjn1hJgG0Q=="],

    "@esbuild/linux-ppc64": ["@esbuild/linux-ppc64@0.25.2", "", { "os": "linux", "cpu": "ppc64" }, "sha512-tsHu2RRSWzipmUi9UBDEzc0nLc4HtpZEI5Ba+Omms5456x5WaNuiG3u7xh5AO6sipnJ9r4cRWQB2tUjPyIkc6g=="],

    "@esbuild/linux-riscv64": ["@esbuild/linux-riscv64@0.25.2", "", { "os": "linux", "cpu": "none" }, "sha512-k4LtpgV7NJQOml/10uPU0s4SAXGnowi5qBSjaLWMojNCUICNu7TshqHLAEbkBdAszL5TabfvQ48kK84hyFzjnw=="],

    "@esbuild/linux-s390x": ["@esbuild/linux-s390x@0.25.2", "", { "os": "linux", "cpu": "s390x" }, "sha512-GRa4IshOdvKY7M/rDpRR3gkiTNp34M0eLTaC1a08gNrh4u488aPhuZOCpkF6+2wl3zAN7L7XIpOFBhnaE3/Q8Q=="],

    "@esbuild/linux-x64": ["@esbuild/linux-x64@0.25.2", "", { "os": "linux", "cpu": "x64" }, "sha512-QInHERlqpTTZ4FRB0fROQWXcYRD64lAoiegezDunLpalZMjcUcld3YzZmVJ2H/Cp0wJRZ8Xtjtj0cEHhYc/uUg=="],

    "@esbuild/netbsd-arm64": ["@esbuild/netbsd-arm64@0.25.2", "", { "os": "none", "cpu": "arm64" }, "sha512-talAIBoY5M8vHc6EeI2WW9d/CkiO9MQJ0IOWX8hrLhxGbro/vBXJvaQXefW2cP0z0nQVTdQ/eNyGFV1GSKrxfw=="],

    "@esbuild/netbsd-x64": ["@esbuild/netbsd-x64@0.25.2", "", { "os": "none", "cpu": "x64" }, "sha512-voZT9Z+tpOxrvfKFyfDYPc4DO4rk06qamv1a/fkuzHpiVBMOhpjK+vBmWM8J1eiB3OLSMFYNaOaBNLXGChf5tg=="],

    "@esbuild/openbsd-arm64": ["@esbuild/openbsd-arm64@0.25.2", "", { "os": "openbsd", "cpu": "arm64" }, "sha512-dcXYOC6NXOqcykeDlwId9kB6OkPUxOEqU+rkrYVqJbK2hagWOMrsTGsMr8+rW02M+d5Op5NNlgMmjzecaRf7Tg=="],

    "@esbuild/openbsd-x64": ["@esbuild/openbsd-x64@0.25.2", "", { "os": "openbsd", "cpu": "x64" }, "sha512-t/TkWwahkH0Tsgoq1Ju7QfgGhArkGLkF1uYz8nQS/PPFlXbP5YgRpqQR3ARRiC2iXoLTWFxc6DJMSK10dVXluw=="],

    "@esbuild/sunos-x64": ["@esbuild/sunos-x64@0.25.2", "", { "os": "sunos", "cpu": "x64" }, "sha512-cfZH1co2+imVdWCjd+D1gf9NjkchVhhdpgb1q5y6Hcv9TP6Zi9ZG/beI3ig8TvwT9lH9dlxLq5MQBBgwuj4xvA=="],

    "@esbuild/win32-arm64": ["@esbuild/win32-arm64@0.25.2", "", { "os": "win32", "cpu": "arm64" }, "sha512-7Loyjh+D/Nx/sOTzV8vfbB3GJuHdOQyrOryFdZvPHLf42Tk9ivBU5Aedi7iyX+x6rbn2Mh68T4qq1SDqJBQO5Q=="],

    "@esbuild/win32-ia32": ["@esbuild/win32-ia32@0.25.2", "", { "os": "win32", "cpu": "ia32" }, "sha512-WRJgsz9un0nqZJ4MfhabxaD9Ft8KioqU3JMinOTvobbX6MOSUigSBlogP8QB3uxpJDsFS6yN+3FDBdqE5lg9kg=="],

    "@esbuild/win32-x64": ["@esbuild/win32-x64@0.25.2", "", { "os": "win32", "cpu": "x64" }, "sha512-kM3HKb16VIXZyIeVrM1ygYmZBKybX8N4p754bw390wGO3Tf2j4L2/WYL+4suWujpgf6GBYs3jv7TyUivdd05JA=="],

    "@gerrit0/mini-shiki": ["@gerrit0/mini-shiki@3.2.2", "", { "dependencies": { "@shikijs/engine-oniguruma": "^3.2.1", "@shikijs/langs": "^3.2.1", "@shikijs/themes": "^3.2.1", "@shikijs/types": "^3.2.1", "@shikijs/vscode-textmate": "^10.0.2" } }, "sha512-vaZNGhGLKMY14HbF53xxHNgFO9Wz+t5lTlGNpl2N9xFiKQ0I5oIe0vKjU9dh7Nb3Dw6lZ7wqUE0ri+zcdpnK+Q=="],

    "@material/material-color-utilities": ["@material/material-color-utilities@0.3.0", "", {}, "sha512-ztmtTd6xwnuh2/xu+Vb01btgV8SQWYCaK56CkRK8gEkWe5TuDyBcYJ0wgkMRn+2VcE9KUmhvkz+N9GHrqw/C0g=="],

    "@napi-rs/wasm-runtime": ["@napi-rs/wasm-runtime@0.2.9", "", { "dependencies": { "@emnapi/core": "^1.4.0", "@emnapi/runtime": "^1.4.0", "@tybys/wasm-util": "^0.9.0" } }, "sha512-OKRBiajrrxB9ATokgEQoG87Z25c67pCpYcCwmXYX8PBftC9pBfN18gnm/fh1wurSLEKIAt+QRFLFCQISrb66Jg=="],

    "@oxc-minify/binding-darwin-arm64": ["@oxc-minify/binding-darwin-arm64@0.64.0", "", { "os": "darwin", "cpu": "arm64" }, "sha512-vjkAMgzTmoLxBVMNtueUPF3Zc9g42+T0kFy/vHnnyt+8UgMwiqakcPpbYwjUk0lRIGpIR9eMQ/ygoIaLp9J0YA=="],

    "@oxc-minify/binding-darwin-x64": ["@oxc-minify/binding-darwin-x64@0.64.0", "", { "os": "darwin", "cpu": "x64" }, "sha512-5drEZMsjPND+P6xygTsK2Avhpqsc61yoFRfIQxpsryFT3Ryf8Vz3tXzgxUVYItzwv3OlHBKfvQJfmN1KrGlAiw=="],

    "@oxc-minify/binding-linux-arm-gnueabihf": ["@oxc-minify/binding-linux-arm-gnueabihf@0.64.0", "", { "os": "linux", "cpu": "arm" }, "sha512-7U6pA+1vCDYBtkrv5Uy51Lu8x4vZgUGV01aCFm5gMymkj5EVU595iiqPo/59wkJ9U/3ia6UeSi7ANxiG7LtrOQ=="],

    "@oxc-minify/binding-linux-arm64-gnu": ["@oxc-minify/binding-linux-arm64-gnu@0.64.0", "", { "os": "linux", "cpu": "arm64" }, "sha512-LLuw+y498KXqosUPiv5szXK0ZHCHZudiclDSiSghYj3jFH3eLo47XOiQNIWYyOsErTMdzg1yI/J79ZcfxUrhVg=="],

    "@oxc-minify/binding-linux-arm64-musl": ["@oxc-minify/binding-linux-arm64-musl@0.64.0", "", { "os": "linux", "cpu": "arm64" }, "sha512-5JC2tdDmyn4GpbwJjgTpb7wu/H59l4tXd8gE8Cb26k49Ir2cmijAS+X24wB7qO+iPj+xfGFzhBCcoT/6hIxeOw=="],

    "@oxc-minify/binding-linux-x64-gnu": ["@oxc-minify/binding-linux-x64-gnu@0.64.0", "", { "os": "linux", "cpu": "x64" }, "sha512-YpJv27iwyf7oE8dbPV8I8cyaijmIe2TwBwSHJtQIv/hDv1jZWTcFzV9gxkd10MLwzZ802VGwGuiH7dEscTcXqQ=="],

    "@oxc-minify/binding-linux-x64-musl": ["@oxc-minify/binding-linux-x64-musl@0.64.0", "", { "os": "linux", "cpu": "x64" }, "sha512-YOyL3lUQw0vJ7ZvU5TATA0PDzbgNy4aMac3H8C20aZ35Mamde1GlRhMC7nh8h4Cp2a2X6ios/mFn1nqFMPTWGA=="],

    "@oxc-minify/binding-wasm32-wasi": ["@oxc-minify/binding-wasm32-wasi@0.64.0", "", { "dependencies": { "@napi-rs/wasm-runtime": "^0.2.9" }, "cpu": "none" }, "sha512-87ycAkjA0dkMlUruNCT39YEFPIe18CJ0bwZww2ZFzi2ImWMcttmovWX+MoSdHAbP2bu0DURM/A9WjcNusg+xxw=="],

    "@oxc-minify/binding-win32-arm64-msvc": ["@oxc-minify/binding-win32-arm64-msvc@0.64.0", "", { "os": "win32", "cpu": "arm64" }, "sha512-e1eh4pmBh09gOfroAmaTK9TgBN4FtOpuov0BkbWOBcDPh0kH0722YmAq/f/p85xAHjS284fXwkK8DlLeHQapDA=="],

    "@oxc-minify/binding-win32-x64-msvc": ["@oxc-minify/binding-win32-x64-msvc@0.64.0", "", { "os": "win32", "cpu": "x64" }, "sha512-BQkLBUjobThdSVR2eL+iudr7X/RISk7uj8Z93yixBX89puwQxa/oAxBZQ9TbXgXXLBg5nkxoJgHwL++UHY3lYQ=="],

    "@shikijs/engine-oniguruma": ["@shikijs/engine-oniguruma@3.2.1", "", { "dependencies": { "@shikijs/types": "3.2.1", "@shikijs/vscode-textmate": "^10.0.2" } }, "sha512-wZZAkayEn6qu2+YjenEoFqj0OyQI64EWsNR6/71d1EkG4sxEOFooowKivsWPpaWNBu3sxAG+zPz5kzBL/SsreQ=="],

    "@shikijs/langs": ["@shikijs/langs@3.2.1", "", { "dependencies": { "@shikijs/types": "3.2.1" } }, "sha512-If0iDHYRSGbihiA8+7uRsgb1er1Yj11pwpX1c6HLYnizDsKAw5iaT3JXj5ZpaimXSWky/IhxTm7C6nkiYVym+A=="],

    "@shikijs/themes": ["@shikijs/themes@3.2.1", "", { "dependencies": { "@shikijs/types": "3.2.1" } }, "sha512-k5DKJUT8IldBvAm8WcrDT5+7GA7se6lLksR+2E3SvyqGTyFMzU2F9Gb7rmD+t+Pga1MKrYFxDIeyWjMZWM6uBQ=="],

    "@shikijs/types": ["@shikijs/types@3.2.1", "", { "dependencies": { "@shikijs/vscode-textmate": "^10.0.2", "@types/hast": "^3.0.4" } }, "sha512-/NTWAk4KE2M8uac0RhOsIhYQf4pdU0OywQuYDGIGAJ6Mjunxl2cGiuLkvu4HLCMn+OTTLRWkjZITp+aYJv60yA=="],

    "@shikijs/vscode-textmate": ["@shikijs/vscode-textmate@10.0.2", "", {}, "sha512-83yeghZ2xxin3Nj8z1NMd/NCuca+gsYXswywDy5bHvwlWL8tpTQmzGeUuHd9FC3E/SBEMvzJRwWEOz5gGes9Qg=="],

    "@tybys/wasm-util": ["@tybys/wasm-util@0.9.0", "", { "dependencies": { "tslib": "^2.4.0" } }, "sha512-6+7nlbMVX/PVDCwaIQ8nTOPveOcFLSt8GcXdx8hD0bt39uWxYT88uXzqTd4fTvqta7oeUJqudepapKNt2DYJFw=="],

    "@types/bun": ["@types/bun@1.2.10", "", { "dependencies": { "bun-types": "1.2.10" } }, "sha512-eilv6WFM3M0c9ztJt7/g80BDusK98z/FrFwseZgT4bXCq2vPhXD4z8R3oddmAn+R/Nmz9vBn4kweJKmGTZj+lg=="],

    "@types/hast": ["@types/hast@3.0.4", "", { "dependencies": { "@types/unist": "*" } }, "sha512-WPs+bbQw5aCj+x6laNGWLH3wviHtoCv/P3+otBhbOhJgG8qtpdAMlTCxLtsTWA7LH1Oh/bFCHsBn0TPS5m30EQ=="],

    "@types/node": ["@types/node@22.14.0", "", { "dependencies": { "undici-types": "~6.21.0" } }, "sha512-Kmpl+z84ILoG+3T/zQFyAJsU6EPTmOCj8/2+83fSN6djd6I4o7uOuGIH6vq3PrjY5BGitSbFuMN18j3iknubbA=="],

    "@types/unist": ["@types/unist@3.0.3", "", {}, "sha512-ko/gIFJRv177XgZsZcBwnqJN5x/Gien8qNOn0D5bQU/zAzVf9Zt3BlcUiLqhV9y4ARk0GbT3tnUiPNgnTXzc/Q=="],

    "argparse": ["argparse@2.0.1", "", {}, "sha512-8+9WqebbFzpX9OR+Wa6O29asIogeRMzcGtAINdpMHHyAg10f05aSFVBbcEqGf/PXw1EjAZ+q2/bEBg3DvurK3Q=="],

    "balanced-match": ["balanced-match@1.0.2", "", {}, "sha512-3oSeUO0TMV67hN1AmbXsK4yaqU7tjiHlbxRDZOpH0KW9+CeX4bRAaX0Anxt0tx2MrpRpWwQaPwIlISEJhYU5Pw=="],

    "brace-expansion": ["brace-expansion@2.0.1", "", { "dependencies": { "balanced-match": "^1.0.0" } }, "sha512-XnAIvQ8eM+kC6aULx6wuQiwVsnzsi9d3WxzV3FpWTGA19F621kwdbsAcFKXgKUHZWsy+mY6iL1sHTxWEFCytDA=="],

    "bun-types": ["bun-types@1.2.10", "", { "dependencies": { "@types/node": "*" } }, "sha512-b5ITZMnVdf3m1gMvJHG+gIfeJHiQPJak0f7925Hxu6ZN5VKA8AGy4GZ4lM+Xkn6jtWxg5S3ldWvfmXdvnkp3GQ=="],

    "entities": ["entities@4.5.0", "", {}, "sha512-V0hjH4dGPh9Ao5p0MoRY6BVqtwCjhz6vI5LT8AJ55H+4g9/4vbHx1I54fS0XuclLhDHArPQCiMjDxjaL8fPxhw=="],

    "esbuild": ["esbuild@0.25.2", "", { "optionalDependencies": { "@esbuild/aix-ppc64": "0.25.2", "@esbuild/android-arm": "0.25.2", "@esbuild/android-arm64": "0.25.2", "@esbuild/android-x64": "0.25.2", "@esbuild/darwin-arm64": "0.25.2", "@esbuild/darwin-x64": "0.25.2", "@esbuild/freebsd-arm64": "0.25.2", "@esbuild/freebsd-x64": "0.25.2", "@esbuild/linux-arm": "0.25.2", "@esbuild/linux-arm64": "0.25.2", "@esbuild/linux-ia32": "0.25.2", "@esbuild/linux-loong64": "0.25.2", "@esbuild/linux-mips64el": "0.25.2", "@esbuild/linux-ppc64": "0.25.2", "@esbuild/linux-riscv64": "0.25.2", "@esbuild/linux-s390x": "0.25.2", "@esbuild/linux-x64": "0.25.2", "@esbuild/netbsd-arm64": "0.25.2", "@esbuild/netbsd-x64": "0.25.2", "@esbuild/openbsd-arm64": "0.25.2", "@esbuild/openbsd-x64": "0.25.2", "@esbuild/sunos-x64": "0.25.2", "@esbuild/win32-arm64": "0.25.2", "@esbuild/win32-ia32": "0.25.2", "@esbuild/win32-x64": "0.25.2" }, "bin": { "esbuild": "bin/esbuild" } }, "sha512-16854zccKPnC+toMywC+uKNeYSv+/eXkevRAfwRD/G9Cleq66m8XFIrigkbvauLLlCfDL45Q2cWegSg53gGBnQ=="],

    "fsevents": ["fsevents@2.3.3", "", { "os": "darwin" }, "sha512-5xoDfX+fL7faATnagmWPpbFtwh/R77WmMMqqHGS65C3vvB0YHrgF+B1YmZ3441tMj5n63k0212XNoJwzlhffQw=="],

    "get-tsconfig": ["get-tsconfig@4.10.0", "", { "dependencies": { "resolve-pkg-maps": "^1.0.0" } }, "sha512-kGzZ3LWWQcGIAmg6iWvXn0ei6WDtV26wzHRMwDSzmAbcXrTEXxHy6IehI6/4eT6VRKyMP1eF1VqwrVUmE/LR7A=="],

    "linkify-it": ["linkify-it@5.0.0", "", { "dependencies": { "uc.micro": "^2.0.0" } }, "sha512-5aHCbzQRADcdP+ATqnDuhhJ/MRIqDkZX5pyjFHRRysS8vZ5AbqGEoFIb6pYHPZ+L/OC2Lc+xT8uHVVR5CAK/wQ=="],

    "lunr": ["lunr@2.3.9", "", {}, "sha512-zTU3DaZaF3Rt9rhN3uBMGQD3dD2/vFQqnvZCDv4dl5iOzq2IZQqTxu90r4E5J+nP70J3ilqVCrbho2eWaeW8Ow=="],

    "markdown-it": ["markdown-it@14.1.0", "", { "dependencies": { "argparse": "^2.0.1", "entities": "^4.4.0", "linkify-it": "^5.0.0", "mdurl": "^2.0.0", "punycode.js": "^2.3.1", "uc.micro": "^2.1.0" }, "bin": { "markdown-it": "bin/markdown-it.mjs" } }, "sha512-a54IwgWPaeBCAAsv13YgmALOF1elABB08FxO9i+r4VFk5Vl4pKokRPeX8u5TCgSsPi6ec1otfLjdOpVcgbpshg=="],

    "mdurl": ["mdurl@2.0.0", "", {}, "sha512-Lf+9+2r+Tdp5wXDXC4PcIBjTDtq4UKjCPMQhKIuzpJNW0b96kVqSwW0bT7FhRSfmAiFYgP+SCRvdrDozfh0U5w=="],

    "minimatch": ["minimatch@9.0.5", "", { "dependencies": { "brace-expansion": "^2.0.1" } }, "sha512-G6T0ZX48xgozx7587koeX9Ys2NYy6Gmv//P89sEte9V9whIapMNF4idKxnW2QtCcLiTWlb/wfCabAtAFWhhBow=="],

    "mitata": ["mitata@1.0.34", "", {}, "sha512-Mc3zrtNBKIMeHSCQ0XqRLo1vbdIx1wvFV9c8NJAiyho6AjNfMY8bVhbS12bwciUdd1t4rj8099CH3N3NFahaUA=="],

    "oxc-minify": ["oxc-minify@0.64.0", "", { "optionalDependencies": { "@oxc-minify/binding-darwin-arm64": "0.64.0", "@oxc-minify/binding-darwin-x64": "0.64.0", "@oxc-minify/binding-linux-arm-gnueabihf": "0.64.0", "@oxc-minify/binding-linux-arm64-gnu": "0.64.0", "@oxc-minify/binding-linux-arm64-musl": "0.64.0", "@oxc-minify/binding-linux-x64-gnu": "0.64.0", "@oxc-minify/binding-linux-x64-musl": "0.64.0", "@oxc-minify/binding-wasm32-wasi": "0.64.0", "@oxc-minify/binding-win32-arm64-msvc": "0.64.0", "@oxc-minify/binding-win32-x64-msvc": "0.64.0" } }, "sha512-nyQ4qGRlr210mVSkS9whn+ghhe2o6ba22ksTBWMj4CHUhNJWfY0S/h1yEUvDZxNFtuxSReLSlQATUzUyo7/wzQ=="],

    "punycode.js": ["punycode.js@2.3.1", "", {}, "sha512-uxFIHU0YlHYhDQtV4R9J6a52SLx28BCjT+4ieh7IGbgwVJWO+km431c4yRlREUAsAmt/uMjQUyQHNEPf0M39CA=="],

    "resolve-pkg-maps": ["resolve-pkg-maps@1.0.0", "", {}, "sha512-seS2Tj26TBVOC2NIc2rOe2y2ZO7efxITtLZcGSOnHHNOQ7CkiUBfw0Iw2ck6xkIhPwLhKNLS8BO+hEpngQlqzw=="],

    "tslib": ["tslib@2.8.1", "", {}, "sha512-oJFu94HQb+KVduSUQL7wnpmqnfmLsOA/nAh6b6EH0wCEoK0/mPeXU6c3wKDV83MkOuHPRHtSXKKU99IBazS/2w=="],

    "tsx": ["tsx@4.19.3", "", { "dependencies": { "esbuild": "~0.25.0", "get-tsconfig": "^4.7.5" }, "optionalDependencies": { "fsevents": "~2.3.3" }, "bin": { "tsx": "dist/cli.mjs" } }, "sha512-4H8vUNGNjQ4V2EOoGw005+c+dGuPSnhpPBPHBtsZdGZBk/iJb4kguGlPWaZTZ3q5nMtFOEsY0nRDlh9PJyd6SQ=="],

    "typedoc": ["typedoc@0.28.2", "", { "dependencies": { "@gerrit0/mini-shiki": "^3.2.2", "lunr": "^2.3.9", "markdown-it": "^14.1.0", "minimatch": "^9.0.5", "yaml": "^2.7.1" }, "peerDependencies": { "typescript": "5.0.x || 5.1.x || 5.2.x || 5.3.x || 5.4.x || 5.5.x || 5.6.x || 5.7.x || 5.8.x" }, "bin": { "typedoc": "bin/typedoc" } }, "sha512-9Giuv+eppFKnJ0oi+vxqLM817b/IrIsEMYgy3jj6zdvppAfDqV3d6DXL2vXUg2TnlL62V48th25Zf/tcQKAJdg=="],

    "typedoc-material-theme": ["typedoc-material-theme@1.4.0", "", { "dependencies": { "@material/material-color-utilities": "^0.3.0" }, "peerDependencies": { "typedoc": "^0.25.13 || ^0.26.x || ^0.27.x || ^0.28.x" } }, "sha512-TBoBpX/4zWO6l74/wBLivXHC2rIiD70KXMliYrw1KhcqdybyxkVBLP5z8KiJuNV8aQIeS+rK2QG6GSucQHJQDQ=="],

    "typescript": ["typescript@5.8.3", "", { "bin": { "tsc": "bin/tsc", "tsserver": "bin/tsserver" } }, "sha512-p1diW6TqL9L07nNxvRMM7hMMw4c5XOo/1ibL4aAIGmSAt9slTE1Xgw5KWuof2uTOvCg9BY7ZRi+GaF+7sfgPeQ=="],

    "uc.micro": ["uc.micro@2.1.0", "", {}, "sha512-ARDJmphmdvUk6Glw7y9DQ2bFkKBHwQHLi2lsaH6PPmz/Ka9sFOBsBluozhDltWmnv9u/cF6Rt87znRTPV+yp/A=="],

    "undici-types": ["undici-types@6.21.0", "", {}, "sha512-iwDZqg0QAGrg9Rav5H4n0M64c3mkR59cJ6wQp+7C4nI0gsmExaedaYLNO44eT4AtBBwjbTiGPMlt2Md0T9H9JQ=="],

    "yaml": ["yaml@2.7.1", "", { "bin": { "yaml": "bin.mjs" } }, "sha512-10ULxpnOCQXxJvBgxsn9ptjq6uviG/htZKk9veJGhlqn3w/DxQ631zFF+nlQXLwmImeS5amR2dl2U8sg6U9jsQ=="],
  }
}
