{
  "lockfileVersion": 1,
  "workspaces": {
    "": {
      "dependencies": {
        "limit-concur": "^4.0.0",
        "p-limit": "^6.2.0",
      },
    },
  },
  "packages": {
    "limit-concur": ["limit-concur@4.0.0", "", {}, "sha512-BXUCP52gLz8JA8/cRKkXswOV6FnA2gl8hL8DbgQuo8XA9NKcwU3Oq/Cg1JyAZ+gyNmFEZXI+ZYLes0BrZkl+7g=="],

    "p-limit": ["p-limit@6.2.0", "", { "dependencies": { "yocto-queue": "^1.1.1" } }, "sha512-kuUqqHNUqoIWp/c467RI4X6mmyuojY5jGutNU0wVTmEOOfcuwLqyMVoAi9MKi2Ak+5i9+nhmrK4ufZE8069kHA=="],

    "yocto-queue": ["yocto-queue@1.2.1", "", {}, "sha512-AyeEbWOu/TAXdxlV9wmGcR0+yh2j3vYPGOECcIj2S7MkrLyC7ne+oye2BKTItt0ii2PHk4cDy+95+LshzbXnGg=="],
  }
}
